
Microsoft Visual Studio Solution File, Format Version 12.00
# Visual Studio 15
VisualStudioVersion = 15.0.28307.168
MinimumVisualStudioVersion = 10.0.40219.1
Project("{FAE04EC0-301F-11D3-BF4B-00C04F79EFBC}") = "FiltrationSolutionsLtd", "FiltrationSolutionsLtd\FiltrationSolutionsLtd.csproj", "{88247E2E-3427-4E8D-BB98-7232E365E72C}"
EndProject
Global
	GlobalSection(SolutionConfigurationPlatforms) = preSolution
		Debug|Any CPU = Debug|Any CPU
		Release|Any CPU = Release|Any CPU
	EndGlobalSection
	GlobalSection(ProjectConfigurationPlatforms) = postSolution
		{88247E2E-3427-4E8D-BB98-7232E365E72C}.Debug|Any CPU.ActiveCfg = Debug|Any CPU
		{88247E2E-3427-4E8D-BB98-7232E365E72C}.Debug|Any CPU.Build.0 = Debug|Any CPU
		{88247E2E-3427-4E8D-BB98-7232E365E72C}.Release|Any CPU.ActiveCfg = Release|Any CPU
		{88247E2E-3427-4E8D-BB98-7232E365E72C}.Release|Any CPU.Build.0 = Release|Any CPU
	EndGlobalSection
	GlobalSection(SolutionProperties) = preSolution
		HideSolutionNode = FALSE
	EndGlobalSection
	GlobalSection(ExtensibilityGlobals) = postSolution
		SolutionGuid = {ACB6E47A-77C7-4830-88B3-A03DEA80EE85}
	EndGlobalSection
EndGlobal
